PODS:
  - MJExtension (3.4.1)
  - SDWebImage (5.7.4):
    - SDWebImage/Core (= 5.7.4)
  - SDWebImage/Core (5.7.4)
  - SnapKit (5.6.0)
  - SwiftyJSON (5.0.1)

DEPENDENCIES:
  - MJExtension
  - SDWebImage (~> 5.7.3)
  - SnapKit
  - SwiftyJSON

SPEC REPOS:
  trunk:
    - MJExtension
    - SDWebImage
    - SnapKit
    - SwiftyJSON

SPEC CHECKSUMS:
  MJExtension: 21c5f6f8c4d5d8844b7ae8fbae08fed0b501f961
  SDWebImage: 48b88379b798fd1e4298f95bb25d2cdabbf4deb3
  SnapKit: e01d52ebb8ddbc333eefe2132acf85c8227d9c25
  SwiftyJSON: 2f33a42c6fbc52764d96f13368585094bfd8aa5e

PODFILE CHECKSUM: 3648b54bc310d16ebc2fc27cca907a580fe6f77d

COCOAPODS: 1.15.2
