// !$*UTF8*$!
{
	archiveVersion = 1;
	classes = {
	};
	objectVersion = 54;
	objects = {

/* Begin PBXBuildFile section */
		06485FCDD2F3E45DADD2B370 /* BluetoothLibrary.framework in Frameworks */ = {isa = PBXBuildFile; fileRef = 75B3DDC47DEECB0BC45BBFE9 /* BluetoothLibrary.framework */; };
		0AF9D6E812D2472736A07747 /* DataLog.swift in Sources */ = {isa = PBXBuildFile; fileRef = B9E666C3805FC968DF94C467 /* DataLog.swift */; };
		4AE532FEE6EA0BB8F459D896 /* BluetoothLibrary.framework in Embed Frameworks */ = {isa = PBXBuildFile; fileRef = 75B3DDC47DEECB0BC45BBFE9 /* BluetoothLibrary.framework */; settings = {ATTRIBUTES = (CodeSignOnCopy, RemoveHeadersOnCopy, ); }; };
		55A12585D8A7D44B5940D187 /* AppDelegate.swift in Sources */ = {isa = PBXBuildFile; fileRef = 0C1362E24333EA1BC289D894 /* AppDelegate.swift */; };
		81573F652B6D0979CE74D6BF /* ReaderViewController.swift in Sources */ = {isa = PBXBuildFile; fileRef = CF30A665530D2F2D737D33AB /* ReaderViewController.swift */; };
		92837A498C28BB2A373DCBBD /* ScanViewController.swift in Sources */ = {isa = PBXBuildFile; fileRef = 42302E1272443D7313DBA691 /* ScanViewController.swift */; };
		FA408292208B95A4179FD5CF /* RingBLE.swift in Sources */ = {isa = PBXBuildFile; fileRef = 6B5EA8E9F4236046F1CC1140 /* RingBLE.swift */; };
/* End PBXBuildFile section */

/* Begin PBXCopyFilesBuildPhase section */
		04A54488257D20A313139482 /* Embed Frameworks */ = {
			isa = PBXCopyFilesBuildPhase;
			buildActionMask = 2147483647;
			dstPath = "";
			dstSubfolderSpec = 10;
			files = (
				4AE532FEE6EA0BB8F459D896 /* BluetoothLibrary.framework in Embed Frameworks */,
			);
			name = "Embed Frameworks";
			runOnlyForDeploymentPostprocessing = 0;
		};
/* End PBXCopyFilesBuildPhase section */

/* Begin PBXFileReference section */
		0C1362E24333EA1BC289D894 /* AppDelegate.swift */ = {isa = PBXFileReference; lastKnownFileType = sourcecode.swift; path = AppDelegate.swift; sourceTree = "<group>"; };
		42302E1272443D7313DBA691 /* ScanViewController.swift */ = {isa = PBXFileReference; lastKnownFileType = sourcecode.swift; path = ScanViewController.swift; sourceTree = "<group>"; };
		6B5EA8E9F4236046F1CC1140 /* RingBLE.swift */ = {isa = PBXFileReference; lastKnownFileType = sourcecode.swift; path = RingBLE.swift; sourceTree = "<group>"; };
		75B3DDC47DEECB0BC45BBFE9 /* BluetoothLibrary.framework */ = {isa = PBXFileReference; lastKnownFileType = wrapper.framework; name = BluetoothLibrary.framework; path = ../SDK/SDK/BluetoothLibrary.framework; sourceTree = "<group>"; };
		A4B3DD3F070C62E6BF570888 /* Info.plist */ = {isa = PBXFileReference; lastKnownFileType = text.plist; path = Info.plist; sourceTree = "<group>"; };
		B75CED17BDEE6B774A482236 /* LuckRingReader.app */ = {isa = PBXFileReference; includeInIndex = 0; lastKnownFileType = wrapper.application; path = LuckRingReader.app; sourceTree = BUILT_PRODUCTS_DIR; };
		B9E666C3805FC968DF94C467 /* DataLog.swift */ = {isa = PBXFileReference; lastKnownFileType = sourcecode.swift; path = DataLog.swift; sourceTree = "<group>"; };
		CF30A665530D2F2D737D33AB /* ReaderViewController.swift */ = {isa = PBXFileReference; lastKnownFileType = sourcecode.swift; path = ReaderViewController.swift; sourceTree = "<group>"; };
/* End PBXFileReference section */

/* Begin PBXFrameworksBuildPhase section */
		8F22C35C08094C0E32B067B0 /* Frameworks */ = {
			isa = PBXFrameworksBuildPhase;
			buildActionMask = 2147483647;
			files = (
				06485FCDD2F3E45DADD2B370 /* BluetoothLibrary.framework in Frameworks */,
			);
			runOnlyForDeploymentPostprocessing = 0;
		};
/* End PBXFrameworksBuildPhase section */

/* Begin PBXGroup section */
		0D3D9E0BF56D31471BC25B58 /* Products */ = {
			isa = PBXGroup;
			children = (
				B75CED17BDEE6B774A482236 /* LuckRingReader.app */,
			);
			name = Products;
			sourceTree = "<group>";
		};
		33601EA90F0B629B31B0BDCB /* Sources */ = {
			isa = PBXGroup;
			children = (
				0C1362E24333EA1BC289D894 /* AppDelegate.swift */,
				B9E666C3805FC968DF94C467 /* DataLog.swift */,
				CF30A665530D2F2D737D33AB /* ReaderViewController.swift */,
				6B5EA8E9F4236046F1CC1140 /* RingBLE.swift */,
				42302E1272443D7313DBA691 /* ScanViewController.swift */,
			);
			path = Sources;
			sourceTree = "<group>";
		};
		919D94D2F82B9E2A6610E0DE /* Frameworks */ = {
			isa = PBXGroup;
			children = (
				75B3DDC47DEECB0BC45BBFE9 /* BluetoothLibrary.framework */,
			);
			name = Frameworks;
			sourceTree = "<group>";
		};
		AD8FE63C17701BD3D6625D72 = {
			isa = PBXGroup;
			children = (
				33601EA90F0B629B31B0BDCB /* Sources */,
				F6B6AEC3CB1B85826AD6194D /* Support */,
				919D94D2F82B9E2A6610E0DE /* Frameworks */,
				0D3D9E0BF56D31471BC25B58 /* Products */,
			);
			sourceTree = "<group>";
		};
		F6B6AEC3CB1B85826AD6194D /* Support */ = {
			isa = PBXGroup;
			children = (
				A4B3DD3F070C62E6BF570888 /* Info.plist */,
			);
			path = Support;
			sourceTree = "<group>";
		};
/* End PBXGroup section */

/* Begin PBXNativeTarget section */
		17CE014B680993C6629ECA2E /* LuckRingReader */ = {
			isa = PBXNativeTarget;
			buildConfigurationList = BDDC712A92211F2EC40CAF54 /* Build configuration list for PBXNativeTarget "LuckRingReader" */;
			buildPhases = (
				964BE26A6605443B37A4D86A /* Sources */,
				8F22C35C08094C0E32B067B0 /* Frameworks */,
				04A54488257D20A313139482 /* Embed Frameworks */,
			);
			buildRules = (
			);
			dependencies = (
			);
			name = LuckRingReader;
			packageProductDependencies = (
			);
			productName = LuckRingReader;
			productReference = B75CED17BDEE6B774A482236 /* LuckRingReader.app */;
			productType = "com.apple.product-type.application";
		};
/* End PBXNativeTarget section */

/* Begin PBXProject section */
		E08BD54423022269817257C2 /* Project object */ = {
			isa = PBXProject;
			attributes = {
				BuildIndependentTargetsInParallel = YES;
				LastUpgradeCheck = 1430;
				TargetAttributes = {
					17CE014B680993C6629ECA2E = {
						ProvisioningStyle = Automatic;
					};
				};
			};
			buildConfigurationList = 7E9D67776F856D0D2B74D011 /* Build configuration list for PBXProject "LuckRingReader" */;
			compatibilityVersion = "Xcode 14.0";
			developmentRegion = en;
			hasScannedForEncodings = 0;
			knownRegions = (
				Base,
				en,
			);
			mainGroup = AD8FE63C17701BD3D6625D72;
			minimizedProjectReferenceProxies = 1;
			preferredProjectObjectVersion = 54;
			projectDirPath = "";
			projectRoot = "";
			targets = (
				17CE014B680993C6629ECA2E /* LuckRingReader */,
			);
		};
/* End PBXProject section */

/* Begin PBXSourcesBuildPhase section */
		964BE26A6605443B37A4D86A /* Sources */ = {
			isa = PBXSourcesBuildPhase;
			buildActionMask = 2147483647;
			files = (
				55A12585D8A7D44B5940D187 /* AppDelegate.swift in Sources */,
				0AF9D6E812D2472736A07747 /* DataLog.swift in Sources */,
				81573F652B6D0979CE74D6BF /* ReaderViewController.swift in Sources */,
				FA408292208B95A4179FD5CF /* RingBLE.swift in Sources */,
				92837A498C28BB2A373DCBBD /* ScanViewController.swift in Sources */,
			);
			runOnlyForDeploymentPostprocessing = 0;
		};
/* End PBXSourcesBuildPhase section */

/* Begin XCBuildConfiguration section */
		020F3AA28F9C17546A8315E8 /* Release */ = {
			isa = XCBuildConfiguration;
			buildSettings = {
				ALWAYS_SEARCH_USER_PATHS = NO;
				CLANG_ANALYZER_NONNULL = YES;
				CLANG_ANALYZER_NUMBER_OBJECT_CONVERSION = YES_AGGRESSIVE;
				CLANG_CXX_LANGUAGE_STANDARD = "gnu++14";
				CLANG_CXX_LIBRARY = "libc++";
				CLANG_ENABLE_MODULES = YES;
				CLANG_ENABLE_OBJC_ARC = YES;
				CLANG_ENABLE_OBJC_WEAK = YES;
				CLANG_WARN_BLOCK_CAPTURE_AUTORELEASING = YES;
				CLANG_WARN_BOOL_CONVERSION = YES;
				CLANG_WARN_COMMA = YES;
				CLANG_WARN_CONSTANT_CONVERSION = YES;
				CLANG_WARN_DEPRECATED_OBJC_IMPLEMENTATIONS = YES;
				CLANG_WARN_DIRECT_OBJC_ISA_USAGE = YES_ERROR;
				CLANG_WARN_DOCUMENTATION_COMMENTS = YES;
				CLANG_WARN_EMPTY_BODY = YES;
				CLANG_WARN_ENUM_CONVERSION = YES;
				CLANG_WARN_INFINITE_RECURSION = YES;
				CLANG_WARN_INT_CONVERSION = YES;
				CLANG_WARN_NON_LITERAL_NULL_CONVERSION = YES;
				CLANG_WARN_OBJC_IMPLICIT_RETAIN_SELF = YES;
				CLANG_WARN_OBJC_LITERAL_CONVERSION = YES;
				CLANG_WARN_OBJC_ROOT_CLASS = YES_ERROR;
				CLANG_WARN_QUOTED_INCLUDE_IN_FRAMEWORK_HEADER = YES;
				CLANG_WARN_RANGE_LOOP_ANALYSIS = YES;
				CLANG_WARN_STRICT_PROTOTYPES = YES;
				CLANG_WARN_SUSPICIOUS_MOVE = YES;
				CLANG_WARN_UNGUARDED_AVAILABILITY = YES_AGGRESSIVE;
				CLANG_WARN_UNREACHABLE_CODE = YES;
				CLANG_WARN__DUPLICATE_METHOD_MATCH = YES;
				CODE_SIGN_STYLE = Automatic;
				COPY_PHASE_STRIP = NO;
				DEBUG_INFORMATION_FORMAT = "dwarf-with-dsym";
				ENABLE_NS_ASSERTIONS = NO;
				ENABLE_STRICT_OBJC_MSGSEND = YES;
				ENABLE_USER_SCRIPT_SANDBOXING = NO;
				GCC_C_LANGUAGE_STANDARD = gnu11;
				GCC_NO_COMMON_BLOCKS = YES;
				GCC_WARN_64_TO_32_BIT_CONVERSION = YES;
				GCC_WARN_ABOUT_RETURN_TYPE = YES_ERROR;
				GCC_WARN_UNDECLARED_SELECTOR = YES;
				GCC_WARN_UNINITIALIZED_AUTOS = YES_AGGRESSIVE;
				GCC_WARN_UNUSED_FUNCTION = YES;
				GCC_WARN_UNUSED_VARIABLE = YES;
				IPHONEOS_DEPLOYMENT_TARGET = 15.0;
				MTL_ENABLE_DEBUG_INFO = NO;
				MTL_FAST_MATH = YES;
				PRODUCT_NAME = "$(TARGET_NAME)";
				SDKROOT = iphoneos;
				SWIFT_COMPILATION_MODE = wholemodule;
				SWIFT_OPTIMIZATION_LEVEL = "-O";
				SWIFT_VERSION = 5.0;
			};
			name = Release;
		};
		2736CCDDC6E67D3E647FD763 /* Debug */ = {
			isa = XCBuildConfiguration;
			buildSettings = {
				ALWAYS_SEARCH_USER_PATHS = NO;
				CLANG_ANALYZER_NONNULL = YES;
				CLANG_ANALYZER_NUMBER_OBJECT_CONVERSION = YES_AGGRESSIVE;
				CLANG_CXX_LANGUAGE_STANDARD = "gnu++14";
				CLANG_CXX_LIBRARY = "libc++";
				CLANG_ENABLE_MODULES = YES;
				CLANG_ENABLE_OBJC_ARC = YES;
				CLANG_ENABLE_OBJC_WEAK = YES;
				CLANG_WARN_BLOCK_CAPTURE_AUTORELEASING = YES;
				CLANG_WARN_BOOL_CONVERSION = YES;
				CLANG_WARN_COMMA = YES;
				CLANG_WARN_CONSTANT_CONVERSION = YES;
				CLANG_WARN_DEPRECATED_OBJC_IMPLEMENTATIONS = YES;
				CLANG_WARN_DIRECT_OBJC_ISA_USAGE = YES_ERROR;
				CLANG_WARN_DOCUMENTATION_COMMENTS = YES;
				CLANG_WARN_EMPTY_BODY = YES;
				CLANG_WARN_ENUM_CONVERSION = YES;
				CLANG_WARN_INFINITE_RECURSION = YES;
				CLANG_WARN_INT_CONVERSION = YES;
				CLANG_WARN_NON_LITERAL_NULL_CONVERSION = YES;
				CLANG_WARN_OBJC_IMPLICIT_RETAIN_SELF = YES;
				CLANG_WARN_OBJC_LITERAL_CONVERSION = YES;
				CLANG_WARN_OBJC_ROOT_CLASS = YES_ERROR;
				CLANG_WARN_QUOTED_INCLUDE_IN_FRAMEWORK_HEADER = YES;
				CLANG_WARN_RANGE_LOOP_ANALYSIS = YES;
				CLANG_WARN_STRICT_PROTOTYPES = YES;
				CLANG_WARN_SUSPICIOUS_MOVE = YES;
				CLANG_WARN_UNGUARDED_AVAILABILITY = YES_AGGRESSIVE;
				CLANG_WARN_UNREACHABLE_CODE = YES;
				CLANG_WARN__DUPLICATE_METHOD_MATCH = YES;
				CODE_SIGN_STYLE = Automatic;
				COPY_PHASE_STRIP = NO;
				DEBUG_INFORMATION_FORMAT = dwarf;
				ENABLE_STRICT_OBJC_MSGSEND = YES;
				ENABLE_TESTABILITY = YES;
				ENABLE_USER_SCRIPT_SANDBOXING = NO;
				GCC_C_LANGUAGE_STANDARD = gnu11;
				GCC_DYNAMIC_NO_PIC = NO;
				GCC_NO_COMMON_BLOCKS = YES;
				GCC_OPTIMIZATION_LEVEL = 0;
				GCC_PREPROCESSOR_DEFINITIONS = (
					"$(inherited)",
					"DEBUG=1",
				);
				GCC_WARN_64_TO_32_BIT_CONVERSION = YES;
				GCC_WARN_ABOUT_RETURN_TYPE = YES_ERROR;
				GCC_WARN_UNDECLARED_SELECTOR = YES;
				GCC_WARN_UNINITIALIZED_AUTOS = YES_AGGRESSIVE;
				GCC_WARN_UNUSED_FUNCTION = YES;
				GCC_WARN_UNUSED_VARIABLE = YES;
				IPHONEOS_DEPLOYMENT_TARGET = 15.0;
				MTL_ENABLE_DEBUG_INFO = INCLUDE_SOURCE;
				MTL_FAST_MATH = YES;
				ONLY_ACTIVE_ARCH = YES;
				PRODUCT_NAME = "$(TARGET_NAME)";
				SDKROOT = iphoneos;
				SWIFT_ACTIVE_COMPILATION_CONDITIONS = DEBUG;
				SWIFT_OPTIMIZATION_LEVEL = "-Onone";
				SWIFT_VERSION = 5.0;
			};
			name = Debug;
		};
		419F8064A44761D94906398F /* Release */ = {
			isa = XCBuildConfiguration;
			buildSettings = {
				ASSETCATALOG_COMPILER_APPICON_NAME = AppIcon;
				CODE_SIGN_IDENTITY = "iPhone Developer";
				FRAMEWORK_SEARCH_PATHS = (
					"$(SRCROOT)/../SDK/SDK",
					"\"../SDK/SDK\"",
				);
				GENERATE_INFOPLIST_FILE = NO;
				INFOPLIST_FILE = Support/Info.plist;
				LD_RUNPATH_SEARCH_PATHS = "$(inherited) @executable_path/Frameworks";
				PRODUCT_BUNDLE_IDENTIFIER = com.luckring.reader;
				SDKROOT = iphoneos;
				SUPPORTED_PLATFORMS = iphoneos;
				SUPPORTS_MACCATALYST = NO;
				TARGETED_DEVICE_FAMILY = "1,2";
			};
			name = Release;
		};
		FA00C735F3865F713F6EB383 /* Debug */ = {
			isa = XCBuildConfiguration;
			buildSettings = {
				ASSETCATALOG_COMPILER_APPICON_NAME = AppIcon;
				CODE_SIGN_IDENTITY = "iPhone Developer";
				FRAMEWORK_SEARCH_PATHS = (
					"$(SRCROOT)/../SDK/SDK",
					"\"../SDK/SDK\"",
				);
				GENERATE_INFOPLIST_FILE = NO;
				INFOPLIST_FILE = Support/Info.plist;
				LD_RUNPATH_SEARCH_PATHS = "$(inherited) @executable_path/Frameworks";
				PRODUCT_BUNDLE_IDENTIFIER = com.luckring.reader;
				SDKROOT = iphoneos;
				SUPPORTED_PLATFORMS = iphoneos;
				SUPPORTS_MACCATALYST = NO;
				TARGETED_DEVICE_FAMILY = "1,2";
			};
			name = Debug;
		};
/* End XCBuildConfiguration section */

/* Begin XCConfigurationList section */
		7E9D67776F856D0D2B74D011 /* Build configuration list for PBXProject "LuckRingReader" */ = {
			isa = XCConfigurationList;
			buildConfigurations = (
				2736CCDDC6E67D3E647FD763 /* Debug */,
				020F3AA28F9C17546A8315E8 /* Release */,
			);
			defaultConfigurationIsVisible = 0;
			defaultConfigurationName = Debug;
		};
		BDDC712A92211F2EC40CAF54 /* Build configuration list for PBXNativeTarget "LuckRingReader" */ = {
			isa = XCConfigurationList;
			buildConfigurations = (
				FA00C735F3865F713F6EB383 /* Debug */,
				419F8064A44761D94906398F /* Release */,
			);
			defaultConfigurationIsVisible = 0;
			defaultConfigurationName = Debug;
		};
/* End XCConfigurationList section */
	};
	rootObject = E08BD54423022269817257C2 /* Project object */;
}
